{
    "_readme": [
        "This file locks the dependencies of your project to a known state",
        "Read more about it at https://getcomposer.org/doc/01-basic-usage.md#composer-lock-the-lock-file",
        "This file is @generated automatically"
    ],
    "hash": "c370e8bc0c22ddc6879f6d1db4e420cc",
    "content-hash": "1ae215751c94c72b5bba5c15d0ade88e",
    "packages": [
        {
            "name": "kyoz/php-utils",
            "version": "1.0.6",
            "source": {
                "type": "git",
                "url": "https://github.com/kyozhou/php-utils.git",
                "reference": "aa2ff1ffe31d9773884361e7ef5017a3039ed749"
            },
            "dist": {
                "type": "zip",
                "url": "https://api.github.com/repos/kyozhou/php-utils/zipball/aa2ff1ffe31d9773884361e7ef5017a3039ed749",
                "reference": "aa2ff1ffe31d9773884361e7ef5017a3039ed749",
                "shasum": ""
            },
            "type": "library",
            "autoload": {
                "files": [
                    "Network.php"
                ]
            },
            "notification-url": "https://packagist.org/downloads/",
            "license": [
                "MIT"
            ],
            "authors": [
                {
                    "name": "周斌",
                    "email": "kyozhou@sina.com"
                }
            ],
            "description": "php utilities easy to use",
            "time": "2016-12-15 05:56:14"
        },
        {
            "name": "kyoz/zookeeper-client",
            "version": "1.0.3",
            "source": {
                "type": "git",
                "url": "https://github.com/kyozhou/zookeeper-client.git",
                "reference": "562f7cf5062729a6e41a5641d1412047149d67c9"
            },
            "dist": {
                "type": "zip",
                "url": "https://api.github.com/repos/kyozhou/zookeeper-client/zipball/562f7cf5062729a6e41a5641d1412047149d67c9",
                "reference": "562f7cf5062729a6e41a5641d1412047149d67c9",
                "shasum": ""
            },
            "require": {
                "php": ">=5.3.3"
            },
            "type": "library",
            "autoload": {
                "files": [
                    "ZookeeperClient.php"
                ]
            },
            "notification-url": "https://packagist.org/downloads/",
            "license": [
                "MIT"
            ],
            "authors": [
                {
                    "name": "周斌",
                    "email": "kyozhou@sina.com"
                }
            ],
            "time": "2016-12-07 02:43:20"
        }
    ],
    "packages-dev": [],
    "aliases": [],
    "minimum-stability": "stable",
    "stability-flags": [],
    "prefer-stable": false,
    "prefer-lowest": false,
    "platform": [],
    "platform-dev": []
}
